// !$*UTF8*$!
{
	archiveVersion = 1;
	classes = {
	};
	objectVersion = 46;
	objects = {

/* Begin PBXBuildFile section */
		561A61AD1CFF1B45001F0F9D /* FirebaseAuth.framework in Frameworks */ = {isa = PBXBuildFile; fileRef = 561A61AB1CFF1B45001F0F9D /* FirebaseAuth.framework */; };
		561A61AE1CFF1B45001F0F9D /* GoogleNetworkingUtilities.framework in Frameworks */ = {isa = PBXBuildFile; fileRef = 561A61AC1CFF1B45001F0F9D /* GoogleNetworkingUtilities.framework */; };
		5672D4911CFDC6D3000D61B6 /* RNGoogleFirebase.h in CopyFiles */ = {isa = PBXBuildFile; fileRef = 5672D4901CFDC6D3000D61B6 /* RNGoogleFirebase.h */; };
		5672D4931CFDC6D3000D61B6 /* RNGoogleFirebase.m in Sources */ = {isa = PBXBuildFile; fileRef = 5672D4921CFDC6D3000D61B6 /* RNGoogleFirebase.m */; };
		5672D4FB1CFDDFF3000D61B6 /* FirebaseAnalytics.framework in Frameworks */ = {isa = PBXBuildFile; fileRef = 5672D4F61CFDDFF3000D61B6 /* FirebaseAnalytics.framework */; };
		5672D4FC1CFDDFF3000D61B6 /* FirebaseInstanceID.framework in Frameworks */ = {isa = PBXBuildFile; fileRef = 5672D4F71CFDDFF3000D61B6 /* FirebaseInstanceID.framework */; };
		5672D4FD1CFDDFF3000D61B6 /* GoogleInterchangeUtilities.framework in Frameworks */ = {isa = PBXBuildFile; fileRef = 5672D4F81CFDDFF3000D61B6 /* GoogleInterchangeUtilities.framework */; };
		5672D4FE1CFDDFF3000D61B6 /* GoogleSymbolUtilities.framework in Frameworks */ = {isa = PBXBuildFile; fileRef = 5672D4F91CFDDFF3000D61B6 /* GoogleSymbolUtilities.framework */; };
		5672D4FF1CFDDFF3000D61B6 /* GoogleUtilities.framework in Frameworks */ = {isa = PBXBuildFile; fileRef = 5672D4FA1CFDDFF3000D61B6 /* GoogleUtilities.framework */; };
		5672D5011CFDDFFC000D61B6 /* FirebaseDatabase.framework in Frameworks */ = {isa = PBXBuildFile; fileRef = 5672D5001CFDDFFC000D61B6 /* FirebaseDatabase.framework */; };
/* End PBXBuildFile section */

/* Begin PBXCopyFilesBuildPhase section */
		5672D48B1CFDC6D3000D61B6 /* CopyFiles */ = {
			isa = PBXCopyFilesBuildPhase;
			buildActionMask = 2147483647;
			dstPath = "include/$(PRODUCT_NAME)";
			dstSubfolderSpec = 16;
			files = (
				5672D4911CFDC6D3000D61B6 /* RNGoogleFirebase.h in CopyFiles */,
			);
			runOnlyForDeploymentPostprocessing = 0;
		};
/* End PBXCopyFilesBuildPhase section */

/* Begin PBXFileReference section */
		561A61AB1CFF1B45001F0F9D /* FirebaseAuth.framework */ = {isa = PBXFileReference; lastKnownFileType = wrapper.framework; path = FirebaseAuth.framework; sourceTree = "<group>"; };
		561A61AC1CFF1B45001F0F9D /* GoogleNetworkingUtilities.framework */ = {isa = PBXFileReference; lastKnownFileType = wrapper.framework; path = GoogleNetworkingUtilities.framework; sourceTree = "<group>"; };
		5672D48D1CFDC6D3000D61B6 /* libRNGoogleFirebase.a */ = {isa = PBXFileReference; explicitFileType = archive.ar; includeInIndex = 0; path = libRNGoogleFirebase.a; sourceTree = BUILT_PRODUCTS_DIR; };
		5672D4901CFDC6D3000D61B6 /* RNGoogleFirebase.h */ = {isa = PBXFileReference; lastKnownFileType = sourcecode.c.h; path = RNGoogleFirebase.h; sourceTree = "<group>"; };
		5672D4921CFDC6D3000D61B6 /* RNGoogleFirebase.m */ = {isa = PBXFileReference; lastKnownFileType = sourcecode.c.objc; path = RNGoogleFirebase.m; sourceTree = "<group>"; };
		5672D4C91CFDD79F000D61B6 /* Firebase.h */ = {isa = PBXFileReference; lastKnownFileType = sourcecode.c.h; path = Firebase.h; sourceTree = "<group>"; };
		5672D4F61CFDDFF3000D61B6 /* FirebaseAnalytics.framework */ = {isa = PBXFileReference; lastKnownFileType = wrapper.framework; path = FirebaseAnalytics.framework; sourceTree = "<group>"; };
		5672D4F71CFDDFF3000D61B6 /* FirebaseInstanceID.framework */ = {isa = PBXFileReference; lastKnownFileType = wrapper.framework; path = FirebaseInstanceID.framework; sourceTree = "<group>"; };
		5672D4F81CFDDFF3000D61B6 /* GoogleInterchangeUtilities.framework */ = {isa = PBXFileReference; lastKnownFileType = wrapper.framework; path = GoogleInterchangeUtilities.framework; sourceTree = "<group>"; };
		5672D4F91CFDDFF3000D61B6 /* GoogleSymbolUtilities.framework */ = {isa = PBXFileReference; lastKnownFileType = wrapper.framework; path = GoogleSymbolUtilities.framework; sourceTree = "<group>"; };
		5672D4FA1CFDDFF3000D61B6 /* GoogleUtilities.framework */ = {isa = PBXFileReference; lastKnownFileType = wrapper.framework; path = GoogleUtilities.framework; sourceTree = "<group>"; };
		5672D5001CFDDFFC000D61B6 /* FirebaseDatabase.framework */ = {isa = PBXFileReference; lastKnownFileType = wrapper.framework; path = FirebaseDatabase.framework; sourceTree = "<group>"; };
/* End PBXFileReference section */

/* Begin PBXFrameworksBuildPhase section */
		5672D48A1CFDC6D3000D61B6 /* Frameworks */ = {
			isa = PBXFrameworksBuildPhase;
			buildActionMask = 2147483647;
			files = (
				561A61AE1CFF1B45001F0F9D /* GoogleNetworkingUtilities.framework in Frameworks */,
				5672D5011CFDDFFC000D61B6 /* FirebaseDatabase.framework in Frameworks */,
				561A61AD1CFF1B45001F0F9D /* FirebaseAuth.framework in Frameworks */,
				5672D4FD1CFDDFF3000D61B6 /* GoogleInterchangeUtilities.framework in Frameworks */,
				5672D4FB1CFDDFF3000D61B6 /* FirebaseAnalytics.framework in Frameworks */,
				5672D4FE1CFDDFF3000D61B6 /* GoogleSymbolUtilities.framework in Frameworks */,
				5672D4FF1CFDDFF3000D61B6 /* GoogleUtilities.framework in Frameworks */,
				5672D4FC1CFDDFF3000D61B6 /* FirebaseInstanceID.framework in Frameworks */,
			);
			runOnlyForDeploymentPostprocessing = 0;
		};
/* End PBXFrameworksBuildPhase section */

/* Begin PBXGroup section */
		561A61C31CFF1B55001F0F9D /* Firebase */ = {
			isa = PBXGroup;
			children = (
				561A61AB1CFF1B45001F0F9D /* FirebaseAuth.framework */,
				561A61AC1CFF1B45001F0F9D /* GoogleNetworkingUtilities.framework */,
				5672D5001CFDDFFC000D61B6 /* FirebaseDatabase.framework */,
				5672D4F61CFDDFF3000D61B6 /* FirebaseAnalytics.framework */,
				5672D4F71CFDDFF3000D61B6 /* FirebaseInstanceID.framework */,
				5672D4F81CFDDFF3000D61B6 /* GoogleInterchangeUtilities.framework */,
				5672D4F91CFDDFF3000D61B6 /* GoogleSymbolUtilities.framework */,
				5672D4FA1CFDDFF3000D61B6 /* GoogleUtilities.framework */,
				5672D4C91CFDD79F000D61B6 /* Firebase.h */,
			);
			name = Firebase;
			sourceTree = "<group>";
		};
		5672D4841CFDC6D2000D61B6 = {
			isa = PBXGroup;
			children = (
				5672D48F1CFDC6D3000D61B6 /* RNGoogleFirebase */,
				5672D48E1CFDC6D3000D61B6 /* Products */,
			);
			sourceTree = "<group>";
		};
		5672D48E1CFDC6D3000D61B6 /* Products */ = {
			isa = PBXGroup;
			children = (
				5672D48D1CFDC6D3000D61B6 /* libRNGoogleFirebase.a */,
			);
			name = Products;
			sourceTree = "<group>";
		};
		5672D48F1CFDC6D3000D61B6 /* RNGoogleFirebase */ = {
			isa = PBXGroup;
			children = (
				561A61C31CFF1B55001F0F9D /* Firebase */,
				5672D4901CFDC6D3000D61B6 /* RNGoogleFirebase.h */,
				5672D4921CFDC6D3000D61B6 /* RNGoogleFirebase.m */,
			);
			path = RNGoogleFirebase;
			sourceTree = "<group>";
		};
/* End PBXGroup section */

/* Begin PBXNativeTarget section */
		5672D48C1CFDC6D3000D61B6 /* RNGoogleFirebase */ = {
			isa = PBXNativeTarget;
			buildConfigurationList = 5672D4961CFDC6D3000D61B6 /* Build configuration list for PBXNativeTarget "RNGoogleFirebase" */;
			buildPhases = (
				5672D4891CFDC6D3000D61B6 /* Sources */,
				5672D48A1CFDC6D3000D61B6 /* Frameworks */,
				5672D48B1CFDC6D3000D61B6 /* CopyFiles */,
			);
			buildRules = (
			);
			dependencies = (
			);
			name = RNGoogleFirebase;
			productName = RNGoogleFirebase;
			productReference = 5672D48D1CFDC6D3000D61B6 /* libRNGoogleFirebase.a */;
			productType = "com.apple.product-type.library.static";
		};
/* End PBXNativeTarget section */

/* Begin PBXProject section */
		5672D4851CFDC6D2000D61B6 /* Project object */ = {
			isa = PBXProject;
			attributes = {
				LastUpgradeCheck = 0730;
				ORGANIZATIONNAME = FuGood;
				TargetAttributes = {
					5672D48C1CFDC6D3000D61B6 = {
						CreatedOnToolsVersion = 7.3.1;
					};
				};
			};
			buildConfigurationList = 5672D4881CFDC6D2000D61B6 /* Build configuration list for PBXProject "RNGoogleFirebase" */;
			compatibilityVersion = "Xcode 3.2";
			developmentRegion = English;
			hasScannedForEncodings = 0;
			knownRegions = (
				en,
			);
			mainGroup = 5672D4841CFDC6D2000D61B6;
			productRefGroup = 5672D48E1CFDC6D3000D61B6 /* Products */;
			projectDirPath = "";
			projectRoot = "";
			targets = (
				5672D48C1CFDC6D3000D61B6 /* RNGoogleFirebase */,
			);
		};
/* End PBXProject section */

/* Begin PBXSourcesBuildPhase section */
		5672D4891CFDC6D3000D61B6 /* Sources */ = {
			isa = PBXSourcesBuildPhase;
			buildActionMask = 2147483647;
			files = (
				5672D4931CFDC6D3000D61B6 /* RNGoogleFirebase.m in Sources */,
			);
			runOnlyForDeploymentPostprocessing = 0;
		};
/* End PBXSourcesBuildPhase section */

/* Begin XCBuildConfiguration section */
		5672D4941CFDC6D3000D61B6 /* Debug */ = {
			isa = XCBuildConfiguration;
			buildSettings = {
				ALWAYS_SEARCH_USER_PATHS = NO;
				CLANG_ANALYZER_NONNULL = YES;
				CLANG_CXX_LANGUAGE_STANDARD = "gnu++0x";
				CLANG_CXX_LIBRARY = "libc++";
				CLANG_ENABLE_MODULES = YES;
				CLANG_ENABLE_OBJC_ARC = YES;
				CLANG_WARN_BOOL_CONVERSION = YES;
				CLANG_WARN_CONSTANT_CONVERSION = YES;
				CLANG_WARN_DIRECT_OBJC_ISA_USAGE = YES_ERROR;
				CLANG_WARN_EMPTY_BODY = YES;
				CLANG_WARN_ENUM_CONVERSION = YES;
				CLANG_WARN_INT_CONVERSION = YES;
				CLANG_WARN_OBJC_ROOT_CLASS = YES_ERROR;
				CLANG_WARN_UNREACHABLE_CODE = YES;
				CLANG_WARN__DUPLICATE_METHOD_MATCH = YES;
				"CODE_SIGN_IDENTITY[sdk=iphoneos*]" = "iPhone Developer";
				COPY_PHASE_STRIP = NO;
				DEBUG_INFORMATION_FORMAT = dwarf;
				ENABLE_STRICT_OBJC_MSGSEND = YES;
				ENABLE_TESTABILITY = YES;
				GCC_C_LANGUAGE_STANDARD = gnu99;
				GCC_DYNAMIC_NO_PIC = NO;
				GCC_NO_COMMON_BLOCKS = YES;
				GCC_OPTIMIZATION_LEVEL = 0;
				GCC_PREPROCESSOR_DEFINITIONS = (
					"DEBUG=1",
					"$(inherited)",
				);
				GCC_WARN_64_TO_32_BIT_CONVERSION = YES;
				GCC_WARN_ABOUT_RETURN_TYPE = YES_ERROR;
				GCC_WARN_UNDECLARED_SELECTOR = YES;
				GCC_WARN_UNINITIALIZED_AUTOS = YES_AGGRESSIVE;
				GCC_WARN_UNUSED_FUNCTION = YES;
				GCC_WARN_UNUSED_VARIABLE = YES;
				IPHONEOS_DEPLOYMENT_TARGET = 9.3;
				MTL_ENABLE_DEBUG_INFO = YES;
				ONLY_ACTIVE_ARCH = YES;
				SDKROOT = iphoneos;
			};
			name = Debug;
		};
		5672D4951CFDC6D3000D61B6 /* Release */ = {
			isa = XCBuildConfiguration;
			buildSettings = {
				ALWAYS_SEARCH_USER_PATHS = NO;
				CLANG_ANALYZER_NONNULL = YES;
				CLANG_CXX_LANGUAGE_STANDARD = "gnu++0x";
				CLANG_CXX_LIBRARY = "libc++";
				CLANG_ENABLE_MODULES = YES;
				CLANG_ENABLE_OBJC_ARC = YES;
				CLANG_WARN_BOOL_CONVERSION = YES;
				CLANG_WARN_CONSTANT_CONVERSION = YES;
				CLANG_WARN_DIRECT_OBJC_ISA_USAGE = YES_ERROR;
				CLANG_WARN_EMPTY_BODY = YES;
				CLANG_WARN_ENUM_CONVERSION = YES;
				CLANG_WARN_INT_CONVERSION = YES;
				CLANG_WARN_OBJC_ROOT_CLASS = YES_ERROR;
				CLANG_WARN_UNREACHABLE_CODE = YES;
				CLANG_WARN__DUPLICATE_METHOD_MATCH = YES;
				"CODE_SIGN_IDENTITY[sdk=iphoneos*]" = "iPhone Developer";
				COPY_PHASE_STRIP = NO;
				DEBUG_INFORMATION_FORMAT = "dwarf-with-dsym";
				ENABLE_NS_ASSERTIONS = NO;
				ENABLE_STRICT_OBJC_MSGSEND = YES;
				GCC_C_LANGUAGE_STANDARD = gnu99;
				GCC_NO_COMMON_BLOCKS = YES;
				GCC_WARN_64_TO_32_BIT_CONVERSION = YES;
				GCC_WARN_ABOUT_RETURN_TYPE = YES_ERROR;
				GCC_WARN_UNDECLARED_SELECTOR = YES;
				GCC_WARN_UNINITIALIZED_AUTOS = YES_AGGRESSIVE;
				GCC_WARN_UNUSED_FUNCTION = YES;
				GCC_WARN_UNUSED_VARIABLE = YES;
				IPHONEOS_DEPLOYMENT_TARGET = 9.3;
				MTL_ENABLE_DEBUG_INFO = NO;
				SDKROOT = iphoneos;
				VALIDATE_PRODUCT = YES;
			};
			name = Release;
		};
		5672D4971CFDC6D3000D61B6 /* Debug */ = {
			isa = XCBuildConfiguration;
			buildSettings = {
				FRAMEWORK_SEARCH_PATHS = (
					"$(inherited)",
					"$(PROJECT_DIR)/RNGoogleFirebase",
				);
				HEADER_SEARCH_PATHS = (
					"$(SRCROOT)/../../react-native/React/**",
					"$(SRCROOT)/../../../React/**",
					"$(SRCROOT)/../example/node_modules/react-native/React/**",
				);
				OTHER_LDFLAGS = "-ObjC";
				PRODUCT_NAME = "$(TARGET_NAME)";
				SKIP_INSTALL = YES;
			};
			name = Debug;
		};
		5672D4981CFDC6D3000D61B6 /* Release */ = {
			isa = XCBuildConfiguration;
			buildSettings = {
				FRAMEWORK_SEARCH_PATHS = (
					"$(inherited)",
					"$(PROJECT_DIR)/RNGoogleFirebase",
				);
				HEADER_SEARCH_PATHS = (
					"$(SRCROOT)/../../react-native/React/**",
					"$(SRCROOT)/../../../React/**",
					"$(SRCROOT)/../example/node_modules/react-native/React/**",
				);
				OTHER_LDFLAGS = "-ObjC";
				PRODUCT_NAME = "$(TARGET_NAME)";
				SKIP_INSTALL = YES;
			};
			name = Release;
		};
/* End XCBuildConfiguration section */

/* Begin XCConfigurationList section */
		5672D4881CFDC6D2000D61B6 /* Build configuration list for PBXProject "RNGoogleFirebase" */ = {
			isa = XCConfigurationList;
			buildConfigurations = (
				5672D4941CFDC6D3000D61B6 /* Debug */,
				5672D4951CFDC6D3000D61B6 /* Release */,
			);
			defaultConfigurationIsVisible = 0;
			defaultConfigurationName = Release;
		};
		5672D4961CFDC6D3000D61B6 /* Build configuration list for PBXNativeTarget "RNGoogleFirebase" */ = {
			isa = XCConfigurationList;
			buildConfigurations = (
				5672D4971CFDC6D3000D61B6 /* Debug */,
				5672D4981CFDC6D3000D61B6 /* Release */,
			);
			defaultConfigurationIsVisible = 0;
			defaultConfigurationName = Release;
		};
/* End XCConfigurationList section */
	};
	rootObject = 5672D4851CFDC6D2000D61B6 /* Project object */;
}
